
Microsoft Visual Studio Solution File, Format Version 12.00
# Visual Studio Version 16
VisualStudioVersion = 16.0.30907.101
MinimumVisualStudioVersion = 10.0.40219.1
Project("{9A19103F-16F7-4668-BE54-9A1E7A4F7556}") = "DataAccess", "DataAccess\DataAccess.csproj", "{182AFA23-5CB2-4407-B1FC-03DB5EF55B39}"
EndProject
Project("{9A19103F-16F7-4668-BE54-9A1E7A4F7556}") = "Business", "Business\Business.csproj", "{FA7BD356-09EB-4873-8ABC-FA520004ABA6}"
EndProject
Project("{9A19103F-16F7-4668-BE54-9A1E7A4F7556}") = "Entities", "Entities\Entities.csproj", "{51EA3130-E0DC-47B4-9881-901C41585E36}"
EndProject
Project("{9A19103F-16F7-4668-BE54-9A1E7A4F7556}") = "ConsoleUI", "ConsoleUI\ConsoleUI.csproj", "{353BE5E1-36C5-4E3F-AA8F-BB28DD2F3E4C}"
EndProject
Project("{9A19103F-16F7-4668-BE54-9A1E7A4F7556}") = "Core", "CoreDemo\Core.csproj", "{CD3BD403-561E-4529-A939-877544038D22}"
EndProject
Project("{9A19103F-16F7-4668-BE54-9A1E7A4F7556}") = "WebAPI", "WebAPI\WebAPI.csproj", "{BA62EC84-B90B-4A95-B187-46B41DBD7AE4}"
EndProject
Global
	GlobalSection(SolutionConfigurationPlatforms) = preSolution
		Debug|Any CPU = Debug|Any CPU
		Release|Any CPU = Release|Any CPU
	EndGlobalSection
	GlobalSection(ProjectConfigurationPlatforms) = postSolution
		{182AFA23-5CB2-4407-B1FC-03DB5EF55B39}.Debug|Any CPU.ActiveCfg = Debug|Any CPU
		{182AFA23-5CB2-4407-B1FC-03DB5EF55B39}.Debug|Any CPU.Build.0 = Debug|Any CPU
		{182AFA23-5CB2-4407-B1FC-03DB5EF55B39}.Release|Any CPU.ActiveCfg = Release|Any CPU
		{182AFA23-5CB2-4407-B1FC-03DB5EF55B39}.Release|Any CPU.Build.0 = Release|Any CPU
		{FA7BD356-09EB-4873-8ABC-FA520004ABA6}.Debug|Any CPU.ActiveCfg = Debug|Any CPU
		{FA7BD356-09EB-4873-8ABC-FA520004ABA6}.Debug|Any CPU.Build.0 = Debug|Any CPU
		{FA7BD356-09EB-4873-8ABC-FA520004ABA6}.Release|Any CPU.ActiveCfg = Release|Any CPU
		{FA7BD356-09EB-4873-8ABC-FA520004ABA6}.Release|Any CPU.Build.0 = Release|Any CPU
		{51EA3130-E0DC-47B4-9881-901C41585E36}.Debug|Any CPU.ActiveCfg = Debug|Any CPU
		{51EA3130-E0DC-47B4-9881-901C41585E36}.Debug|Any CPU.Build.0 = Debug|Any CPU
		{51EA3130-E0DC-47B4-9881-901C41585E36}.Release|Any CPU.ActiveCfg = Release|Any CPU
		{51EA3130-E0DC-47B4-9881-901C41585E36}.Release|Any CPU.Build.0 = Release|Any CPU
		{353BE5E1-36C5-4E3F-AA8F-BB28DD2F3E4C}.Debug|Any CPU.ActiveCfg = Debug|Any CPU
		{353BE5E1-36C5-4E3F-AA8F-BB28DD2F3E4C}.Debug|Any CPU.Build.0 = Debug|Any CPU
		{353BE5E1-36C5-4E3F-AA8F-BB28DD2F3E4C}.Release|Any CPU.ActiveCfg = Release|Any CPU
		{353BE5E1-36C5-4E3F-AA8F-BB28DD2F3E4C}.Release|Any CPU.Build.0 = Release|Any CPU
		{CD3BD403-561E-4529-A939-877544038D22}.Debug|Any CPU.ActiveCfg = Debug|Any CPU
		{CD3BD403-561E-4529-A939-877544038D22}.Debug|Any CPU.Build.0 = Debug|Any CPU
		{CD3BD403-561E-4529-A939-877544038D22}.Release|Any CPU.ActiveCfg = Release|Any CPU
		{CD3BD403-561E-4529-A939-877544038D22}.Release|Any CPU.Build.0 = Release|Any CPU
		{BA62EC84-B90B-4A95-B187-46B41DBD7AE4}.Debug|Any CPU.ActiveCfg = Debug|Any CPU
		{BA62EC84-B90B-4A95-B187-46B41DBD7AE4}.Debug|Any CPU.Build.0 = Debug|Any CPU
		{BA62EC84-B90B-4A95-B187-46B41DBD7AE4}.Release|Any CPU.ActiveCfg = Release|Any CPU
		{BA62EC84-B90B-4A95-B187-46B41DBD7AE4}.Release|Any CPU.Build.0 = Release|Any CPU
	EndGlobalSection
	GlobalSection(SolutionProperties) = preSolution
		HideSolutionNode = FALSE
	EndGlobalSection
	GlobalSection(ExtensibilityGlobals) = postSolution
		SolutionGuid = {38D646E8-33F9-46B1-9B5F-4AD045CE315A}
	EndGlobalSection
EndGlobal
